
Microsoft Visual Studio Solution File, Format Version 12.00
# Visual Studio Version 17
VisualStudioVersion = 17.13.35617.110
MinimumVisualStudioVersion = 10.0.40219.1
Project("{FAE04EC0-301F-11D3-BF4B-00C04F79EFBC}") = "Parcellation", "Parcellation.csproj", "{4A3A5142-391E-446B-A033-D3C8DE8B0471}"
EndProject
Project("{FAE04EC0-301F-11D3-BF4B-00C04F79EFBC}") = "LMFunctionSourceGenerator", "..\LMFunctionSourceGenerator\LMFunctionSourceGenerator.csproj", "{578AD4AB-09FD-6076-020B-6D22A93FF57E}"
EndProject
Global
	GlobalSection(SolutionConfigurationPlatforms) = preSolution
		Debug|Any CPU = Debug|Any CPU
		Release|Any CPU = Release|Any CPU
	EndGlobalSection
	GlobalSection(ProjectConfigurationPlatforms) = postSolution
		{4A3A5142-391E-446B-A033-D3C8DE8B0471}.Debug|Any CPU.ActiveCfg = Debug|Any CPU
		{4A3A5142-391E-446B-A033-D3C8DE8B0471}.Debug|Any CPU.Build.0 = Debug|Any CPU
		{4A3A5142-391E-446B-A033-D3C8DE8B0471}.Release|Any CPU.ActiveCfg = Release|Any CPU
		{4A3A5142-391E-446B-A033-D3C8DE8B0471}.Release|Any CPU.Build.0 = Release|Any CPU
		{578AD4AB-09FD-6076-020B-6D22A93FF57E}.Debug|Any CPU.ActiveCfg = Debug|Any CPU
		{578AD4AB-09FD-6076-020B-6D22A93FF57E}.Debug|Any CPU.Build.0 = Debug|Any CPU
		{578AD4AB-09FD-6076-020B-6D22A93FF57E}.Release|Any CPU.ActiveCfg = Release|Any CPU
		{578AD4AB-09FD-6076-020B-6D22A93FF57E}.Release|Any CPU.Build.0 = Release|Any CPU
	EndGlobalSection
	GlobalSection(SolutionProperties) = preSolution
		HideSolutionNode = FALSE
	EndGlobalSection
	GlobalSection(ExtensibilityGlobals) = postSolution
		SolutionGuid = {4B27748A-1E33-4309-91CC-3843ED6E1E42}
	EndGlobalSection
EndGlobal
